// !$*UTF8*$!
{
	archiveVersion = 1;
	classes = {
	};
	objectVersion = 52;
	objects = {

/* Begin PBXBuildFile section */
		52F09D2426C4BDA000B8B323 /* AppDelegate.swift in Sources */ = {isa = PBXBuildFile; fileRef = 52F09D2326C4BDA000B8B323 /* AppDelegate.swift */; };
		52F09D2626C4BDA000B8B323 /* art.scnassets in Resources */ = {isa = PBXBuildFile; fileRef = 52F09D2526C4BDA000B8B323 /* art.scnassets */; };
		52F09D2826C4BDA000B8B323 /* GameViewController.swift in Sources */ = {isa = PBXBuildFile; fileRef = 52F09D2726C4BDA000B8B323 /* GameViewController.swift */; };
		52F09D2B26C4BDA000B8B323 /* Main.storyboard in Resources */ = {isa = PBXBuildFile; fileRef = 52F09D2926C4BDA000B8B323 /* Main.storyboard */; };
		52F09D2D26C4BDA200B8B323 /* Assets.xcassets in Resources */ = {isa = PBXBuildFile; fileRef = 52F09D2C26C4BDA200B8B323 /* Assets.xcassets */; };
		52F09D3526C4BE1800B8B323 /* Swifter in Frameworks */ = {isa = PBXBuildFile; productRef = 52F09D3426C4BE1800B8B323 /* Swifter */; };
		52F09D3726C4BE3900B8B323 /* UnityVideoCreator in Frameworks */ = {isa = PBXBuildFile; productRef = 52F09D3626C4BE3900B8B323 /* UnityVideoCreator */; };
		52F09D3C26C4BE6B00B8B323 /* HlsCreatorService.swift in Sources */ = {isa = PBXBuildFile; fileRef = 52F09D3B26C4BE6B00B8B323 /* HlsCreatorService.swift */; };
		52F09D4326C4BEA600B8B323 /* GetIpAddress.swift in Sources */ = {isa = PBXBuildFile; fileRef = 52F09D3F26C4BEA600B8B323 /* GetIpAddress.swift */; };
		52F09D4426C4BEA600B8B323 /* LastNextDrawableTextureGettable.swift in Sources */ = {isa = PBXBuildFile; fileRef = 52F09D4026C4BEA600B8B323 /* LastNextDrawableTextureGettable.swift */; };
		52F09D4526C4BEA600B8B323 /* CAMetalLayer+Extensions.swift in Sources */ = {isa = PBXBuildFile; fileRef = 52F09D4226C4BEA600B8B323 /* CAMetalLayer+Extensions.swift */; };
		52F09D4726C4BFDB00B8B323 /* GameViewModel.swift in Sources */ = {isa = PBXBuildFile; fileRef = 52F09D4626C4BFDB00B8B323 /* GameViewModel.swift */; };
		52F09D9E26C5799600B8B323 /* HlsServerService.swift in Sources */ = {isa = PBXBuildFile; fileRef = 52F09D9D26C5799600B8B323 /* HlsServerService.swift */; };
		52F09DA726C8F9D900B8B323 /* AppDelegate.swift in Sources */ = {isa = PBXBuildFile; fileRef = 52F09DA626C8F9D900B8B323 /* AppDelegate.swift */; };
		52F09DA926C8F9D900B8B323 /* SceneDelegate.swift in Sources */ = {isa = PBXBuildFile; fileRef = 52F09DA826C8F9D900B8B323 /* SceneDelegate.swift */; };
		52F09DAB26C8F9D900B8B323 /* ViewController.swift in Sources */ = {isa = PBXBuildFile; fileRef = 52F09DAA26C8F9D900B8B323 /* ViewController.swift */; };
		52F09DAE26C8F9D900B8B323 /* Main.storyboard in Resources */ = {isa = PBXBuildFile; fileRef = 52F09DAC26C8F9D900B8B323 /* Main.storyboard */; };
		52F09DB026C8F9DC00B8B323 /* Assets.xcassets in Resources */ = {isa = PBXBuildFile; fileRef = 52F09DAF26C8F9DC00B8B323 /* Assets.xcassets */; };
		52F09DB326C8F9DC00B8B323 /* LaunchScreen.storyboard in Resources */ = {isa = PBXBuildFile; fileRef = 52F09DB126C8F9DC00B8B323 /* LaunchScreen.storyboard */; };
		52F09DC126C8FCDB00B8B323 /* SharedGameView.h in Headers */ = {isa = PBXBuildFile; fileRef = 52F09DBF26C8FCDB00B8B323 /* SharedGameView.h */; settings = {ATTRIBUTES = (Public, ); }; };
		52F09DCA26C8FCEA00B8B323 /* SharedGameView.framework in Frameworks */ = {isa = PBXBuildFile; fileRef = 52F09DBD26C8FCDB00B8B323 /* SharedGameView.framework */; };
		52F09DCB26C8FCEA00B8B323 /* SharedGameView.framework in Embed Frameworks */ = {isa = PBXBuildFile; fileRef = 52F09DBD26C8FCDB00B8B323 /* SharedGameView.framework */; settings = {ATTRIBUTES = (CodeSignOnCopy, RemoveHeadersOnCopy, ); }; };
		52F09DD026C8FCEE00B8B323 /* UnityVideoCreator in Frameworks */ = {isa = PBXBuildFile; productRef = 52F09DCF26C8FCEE00B8B323 /* UnityVideoCreator */; };
		52F09DE326C8FE2400B8B323 /* art.scnassets in Resources */ = {isa = PBXBuildFile; fileRef = 52F09DD226C8FE2400B8B323 /* art.scnassets */; };
		52F09DE526C8FE2400B8B323 /* LastNextDrawableTextureGettable.swift in Sources */ = {isa = PBXBuildFile; fileRef = 52F09DD726C8FE2400B8B323 /* LastNextDrawableTextureGettable.swift */; };
		52F09DE626C8FE2400B8B323 /* CAMetalLayer+Extensions.swift in Sources */ = {isa = PBXBuildFile; fileRef = 52F09DD926C8FE2400B8B323 /* CAMetalLayer+Extensions.swift */; };
		52F09DED26C904FD00B8B323 /* SharedGameView.swift in Sources */ = {isa = PBXBuildFile; fileRef = 52F09DEC26C904FD00B8B323 /* SharedGameView.swift */; };
		52F09DF026C9177800B8B323 /* TimeProvider.swift in Sources */ = {isa = PBXBuildFile; fileRef = 52F09DEF26C9177800B8B323 /* TimeProvider.swift */; };
		52F0A8B5267E11BD009AF389 /* WavExampleApp.swift in Sources */ = {isa = PBXBuildFile; fileRef = 52F0A8B4267E11BD009AF389 /* WavExampleApp.swift */; };
		52F0A8B7267E11BD009AF389 /* ContentView.swift in Sources */ = {isa = PBXBuildFile; fileRef = 52F0A8B6267E11BD009AF389 /* ContentView.swift */; };
		52F0A8B9267E11C0009AF389 /* Assets.xcassets in Resources */ = {isa = PBXBuildFile; fileRef = 52F0A8B8267E11C0009AF389 /* Assets.xcassets */; };
		52F0A8BC267E11C0009AF389 /* Preview Assets.xcassets in Resources */ = {isa = PBXBuildFile; fileRef = 52F0A8BB267E11C0009AF389 /* Preview Assets.xcassets */; };
		52F0A8C2267E11F3009AF389 /* UnityVideoCreator in Frameworks */ = {isa = PBXBuildFile; productRef = 52F0A8C1267E11F3009AF389 /* UnityVideoCreator */; };
		52F0A8C4267E1207009AF389 /* ContentViewModel.swift in Sources */ = {isa = PBXBuildFile; fileRef = 52F0A8C3267E1207009AF389 /* ContentViewModel.swift */; };
		52F0A8C6267E460C009AF389 /* AudioEngineService.swift in Sources */ = {isa = PBXBuildFile; fileRef = 52F0A8C5267E460C009AF389 /* AudioEngineService.swift */; };
		52F0A8CE267E4E27009AF389 /* AppDelegate.swift in Sources */ = {isa = PBXBuildFile; fileRef = 52F0A8CD267E4E27009AF389 /* AppDelegate.swift */; };
		52F0A8D1267E4E27009AF389 /* Renderer.swift in Sources */ = {isa = PBXBuildFile; fileRef = 52F0A8D0267E4E27009AF389 /* Renderer.swift */; };
		52F0A8D3267E4E27009AF389 /* GameViewController.swift in Sources */ = {isa = PBXBuildFile; fileRef = 52F0A8D2267E4E27009AF389 /* GameViewController.swift */; };
		52F0A8D5267E4E27009AF389 /* Shaders.metal in Sources */ = {isa = PBXBuildFile; fileRef = 52F0A8D4267E4E27009AF389 /* Shaders.metal */; };
		52F0A8D8267E4E27009AF389 /* Main.storyboard in Resources */ = {isa = PBXBuildFile; fileRef = 52F0A8D6267E4E27009AF389 /* Main.storyboard */; };
		52F0A8DA267E4E2A009AF389 /* Assets.xcassets in Resources */ = {isa = PBXBuildFile; fileRef = 52F0A8D9267E4E2A009AF389 /* Assets.xcassets */; };
		52F0A8E0267E5A8A009AF389 /* UnityVideoCreator in Frameworks */ = {isa = PBXBuildFile; productRef = 52F0A8DF267E5A8A009AF389 /* UnityVideoCreator */; };
		52F0A8E2267E60D0009AF389 /* AudioEngineService.swift in Sources */ = {isa = PBXBuildFile; fileRef = 52F0A8E1267E60D0009AF389 /* AudioEngineService.swift */; };
/* End PBXBuildFile section */

/* Begin PBXContainerItemProxy section */
		52F09DCC26C8FCEA00B8B323 /* PBXContainerItemProxy */ = {
			isa = PBXContainerItemProxy;
			containerPortal = 52BD83342662162D0017506E /* Project object */;
			proxyType = 1;
			remoteGlobalIDString = 52F09DBC26C8FCDB00B8B323;
			remoteInfo = SharedGameView;
		};
/* End PBXContainerItemProxy section */

/* Begin PBXCopyFilesBuildPhase section */
		52F09DCE26C8FCEA00B8B323 /* Embed Frameworks */ = {
			isa = PBXCopyFilesBuildPhase;
			buildActionMask = 2147483647;
			dstPath = "";
			dstSubfolderSpec = 10;
			files = (
				52F09DCB26C8FCEA00B8B323 /* SharedGameView.framework in Embed Frameworks */,
			);
			name = "Embed Frameworks";
			runOnlyForDeploymentPostprocessing = 0;
		};
/* End PBXCopyFilesBuildPhase section */

/* Begin PBXFileReference section */
		52F09D2126C4BDA000B8B323 /* HlsExample.app */ = {isa = PBXFileReference; explicitFileType = wrapper.application; includeInIndex = 0; path = HlsExample.app; sourceTree = BUILT_PRODUCTS_DIR; };
		52F09D2326C4BDA000B8B323 /* AppDelegate.swift */ = {isa = PBXFileReference; lastKnownFileType = sourcecode.swift; path = AppDelegate.swift; sourceTree = "<group>"; };
		52F09D2526C4BDA000B8B323 /* art.scnassets */ = {isa = PBXFileReference; lastKnownFileType = wrapper.scnassets; path = art.scnassets; sourceTree = "<group>"; };
		52F09D2726C4BDA000B8B323 /* GameViewController.swift */ = {isa = PBXFileReference; lastKnownFileType = sourcecode.swift; path = GameViewController.swift; sourceTree = "<group>"; };
		52F09D2A26C4BDA000B8B323 /* Base */ = {isa = PBXFileReference; lastKnownFileType = file.storyboard; name = Base; path = Base.lproj/Main.storyboard; sourceTree = "<group>"; };
		52F09D2C26C4BDA200B8B323 /* Assets.xcassets */ = {isa = PBXFileReference; lastKnownFileType = folder.assetcatalog; path = Assets.xcassets; sourceTree = "<group>"; };
		52F09D2E26C4BDA200B8B323 /* Info.plist */ = {isa = PBXFileReference; lastKnownFileType = text.plist.xml; path = Info.plist; sourceTree = "<group>"; };
		52F09D3B26C4BE6B00B8B323 /* HlsCreatorService.swift */ = {isa = PBXFileReference; fileEncoding = 4; lastKnownFileType = sourcecode.swift; path = HlsCreatorService.swift; sourceTree = "<group>"; };
		52F09D3F26C4BEA600B8B323 /* GetIpAddress.swift */ = {isa = PBXFileReference; fileEncoding = 4; lastKnownFileType = sourcecode.swift; path = GetIpAddress.swift; sourceTree = "<group>"; };
		52F09D4026C4BEA600B8B323 /* LastNextDrawableTextureGettable.swift */ = {isa = PBXFileReference; fileEncoding = 4; lastKnownFileType = sourcecode.swift; path = LastNextDrawableTextureGettable.swift; sourceTree = "<group>"; };
		52F09D4226C4BEA600B8B323 /* CAMetalLayer+Extensions.swift */ = {isa = PBXFileReference; fileEncoding = 4; lastKnownFileType = sourcecode.swift; path = "CAMetalLayer+Extensions.swift"; sourceTree = "<group>"; };
		52F09D4626C4BFDB00B8B323 /* GameViewModel.swift */ = {isa = PBXFileReference; fileEncoding = 4; lastKnownFileType = sourcecode.swift; path = GameViewModel.swift; sourceTree = "<group>"; };
		52F09D9D26C5799600B8B323 /* HlsServerService.swift */ = {isa = PBXFileReference; lastKnownFileType = sourcecode.swift; path = HlsServerService.swift; sourceTree = "<group>"; };
		52F09DA426C8F9D900B8B323 /* LivePhotosExample.app */ = {isa = PBXFileReference; explicitFileType = wrapper.application; includeInIndex = 0; path = LivePhotosExample.app; sourceTree = BUILT_PRODUCTS_DIR; };
		52F09DA626C8F9D900B8B323 /* AppDelegate.swift */ = {isa = PBXFileReference; lastKnownFileType = sourcecode.swift; path = AppDelegate.swift; sourceTree = "<group>"; };
		52F09DA826C8F9D900B8B323 /* SceneDelegate.swift */ = {isa = PBXFileReference; lastKnownFileType = sourcecode.swift; path = SceneDelegate.swift; sourceTree = "<group>"; };
		52F09DAA26C8F9D900B8B323 /* ViewController.swift */ = {isa = PBXFileReference; lastKnownFileType = sourcecode.swift; path = ViewController.swift; sourceTree = "<group>"; };
		52F09DAD26C8F9D900B8B323 /* Base */ = {isa = PBXFileReference; lastKnownFileType = file.storyboard; name = Base; path = Base.lproj/Main.storyboard; sourceTree = "<group>"; };
		52F09DAF26C8F9DC00B8B323 /* Assets.xcassets */ = {isa = PBXFileReference; lastKnownFileType = folder.assetcatalog; path = Assets.xcassets; sourceTree = "<group>"; };
		52F09DB226C8F9DC00B8B323 /* Base */ = {isa = PBXFileReference; lastKnownFileType = file.storyboard; name = Base; path = Base.lproj/LaunchScreen.storyboard; sourceTree = "<group>"; };
		52F09DB426C8F9DC00B8B323 /* Info.plist */ = {isa = PBXFileReference; lastKnownFileType = text.plist.xml; path = Info.plist; sourceTree = "<group>"; };
		52F09DBD26C8FCDB00B8B323 /* SharedGameView.framework */ = {isa = PBXFileReference; explicitFileType = wrapper.framework; includeInIndex = 0; path = SharedGameView.framework; sourceTree = BUILT_PRODUCTS_DIR; };
		52F09DBF26C8FCDB00B8B323 /* SharedGameView.h */ = {isa = PBXFileReference; lastKnownFileType = sourcecode.c.h; path = SharedGameView.h; sourceTree = "<group>"; };
		52F09DC026C8FCDB00B8B323 /* Info.plist */ = {isa = PBXFileReference; lastKnownFileType = text.plist.xml; path = Info.plist; sourceTree = "<group>"; };
		52F09DD226C8FE2400B8B323 /* art.scnassets */ = {isa = PBXFileReference; lastKnownFileType = wrapper.scnassets; path = art.scnassets; sourceTree = "<group>"; };
		52F09DD726C8FE2400B8B323 /* LastNextDrawableTextureGettable.swift */ = {isa = PBXFileReference; fileEncoding = 4; lastKnownFileType = sourcecode.swift; path = LastNextDrawableTextureGettable.swift; sourceTree = "<group>"; };
		52F09DD926C8FE2400B8B323 /* CAMetalLayer+Extensions.swift */ = {isa = PBXFileReference; fileEncoding = 4; lastKnownFileType = sourcecode.swift; path = "CAMetalLayer+Extensions.swift"; sourceTree = "<group>"; };
		52F09DEC26C904FD00B8B323 /* SharedGameView.swift */ = {isa = PBXFileReference; lastKnownFileType = sourcecode.swift; path = SharedGameView.swift; sourceTree = "<group>"; };
		52F09DEF26C9177800B8B323 /* TimeProvider.swift */ = {isa = PBXFileReference; lastKnownFileType = sourcecode.swift; path = TimeProvider.swift; sourceTree = "<group>"; };
		52F0A8B2267E11BD009AF389 /* WavExample.app */ = {isa = PBXFileReference; explicitFileType = wrapper.application; includeInIndex = 0; path = WavExample.app; sourceTree = BUILT_PRODUCTS_DIR; };
		52F0A8B4267E11BD009AF389 /* WavExampleApp.swift */ = {isa = PBXFileReference; lastKnownFileType = sourcecode.swift; path = WavExampleApp.swift; sourceTree = "<group>"; };
		52F0A8B6267E11BD009AF389 /* ContentView.swift */ = {isa = PBXFileReference; lastKnownFileType = sourcecode.swift; path = ContentView.swift; sourceTree = "<group>"; };
		52F0A8B8267E11C0009AF389 /* Assets.xcassets */ = {isa = PBXFileReference; lastKnownFileType = folder.assetcatalog; path = Assets.xcassets; sourceTree = "<group>"; };
		52F0A8BB267E11C0009AF389 /* Preview Assets.xcassets */ = {isa = PBXFileReference; lastKnownFileType = folder.assetcatalog; path = "Preview Assets.xcassets"; sourceTree = "<group>"; };
		52F0A8BD267E11C0009AF389 /* Info.plist */ = {isa = PBXFileReference; lastKnownFileType = text.plist.xml; path = Info.plist; sourceTree = "<group>"; };
		52F0A8C3267E1207009AF389 /* ContentViewModel.swift */ = {isa = PBXFileReference; lastKnownFileType = sourcecode.swift; path = ContentViewModel.swift; sourceTree = "<group>"; };
		52F0A8C5267E460C009AF389 /* AudioEngineService.swift */ = {isa = PBXFileReference; lastKnownFileType = sourcecode.swift; path = AudioEngineService.swift; sourceTree = "<group>"; };
		52F0A8CB267E4E27009AF389 /* MovExample.app */ = {isa = PBXFileReference; explicitFileType = wrapper.application; includeInIndex = 0; path = MovExample.app; sourceTree = BUILT_PRODUCTS_DIR; };
		52F0A8CD267E4E27009AF389 /* AppDelegate.swift */ = {isa = PBXFileReference; lastKnownFileType = sourcecode.swift; path = AppDelegate.swift; sourceTree = "<group>"; };
		52F0A8CF267E4E27009AF389 /* ShaderTypes.h */ = {isa = PBXFileReference; lastKnownFileType = sourcecode.c.h; path = ShaderTypes.h; sourceTree = "<group>"; };
		52F0A8D0267E4E27009AF389 /* Renderer.swift */ = {isa = PBXFileReference; lastKnownFileType = sourcecode.swift; path = Renderer.swift; sourceTree = "<group>"; };
		52F0A8D2267E4E27009AF389 /* GameViewController.swift */ = {isa = PBXFileReference; lastKnownFileType = sourcecode.swift; path = GameViewController.swift; sourceTree = "<group>"; };
		52F0A8D4267E4E27009AF389 /* Shaders.metal */ = {isa = PBXFileReference; lastKnownFileType = sourcecode.metal; path = Shaders.metal; sourceTree = "<group>"; };
		52F0A8D7267E4E27009AF389 /* Base */ = {isa = PBXFileReference; lastKnownFileType = file.storyboard; name = Base; path = Base.lproj/Main.storyboard; sourceTree = "<group>"; };
		52F0A8D9267E4E2A009AF389 /* Assets.xcassets */ = {isa = PBXFileReference; lastKnownFileType = folder.assetcatalog; path = Assets.xcassets; sourceTree = "<group>"; };
		52F0A8DB267E4E2A009AF389 /* Info.plist */ = {isa = PBXFileReference; lastKnownFileType = text.plist.xml; path = Info.plist; sourceTree = "<group>"; };
		52F0A8E1267E60D0009AF389 /* AudioEngineService.swift */ = {isa = PBXFileReference; lastKnownFileType = sourcecode.swift; path = AudioEngineService.swift; sourceTree = "<group>"; };
/* End PBXFileReference section */

/* Begin PBXFrameworksBuildPhase section */
		52F09D1E26C4BDA000B8B323 /* Frameworks */ = {
			isa = PBXFrameworksBuildPhase;
			buildActionMask = 2147483647;
			files = (
				52F09D3526C4BE1800B8B323 /* Swifter in Frameworks */,
				52F09D3726C4BE3900B8B323 /* UnityVideoCreator in Frameworks */,
			);
			runOnlyForDeploymentPostprocessing = 0;
		};
		52F09DA126C8F9D900B8B323 /* Frameworks */ = {
			isa = PBXFrameworksBuildPhase;
			buildActionMask = 2147483647;
			files = (
				52F09DCA26C8FCEA00B8B323 /* SharedGameView.framework in Frameworks */,
				52F09DD026C8FCEE00B8B323 /* UnityVideoCreator in Frameworks */,
			);
			runOnlyForDeploymentPostprocessing = 0;
		};
		52F09DBA26C8FCDB00B8B323 /* Frameworks */ = {
			isa = PBXFrameworksBuildPhase;
			buildActionMask = 2147483647;
			files = (
			);
			runOnlyForDeploymentPostprocessing = 0;
		};
		52F0A8AF267E11BD009AF389 /* Frameworks */ = {
			isa = PBXFrameworksBuildPhase;
			buildActionMask = 2147483647;
			files = (
				52F0A8C2267E11F3009AF389 /* UnityVideoCreator in Frameworks */,
			);
			runOnlyForDeploymentPostprocessing = 0;
		};
		52F0A8C8267E4E27009AF389 /* Frameworks */ = {
			isa = PBXFrameworksBuildPhase;
			buildActionMask = 2147483647;
			files = (
				52F0A8E0267E5A8A009AF389 /* UnityVideoCreator in Frameworks */,
			);
			runOnlyForDeploymentPostprocessing = 0;
		};
/* End PBXFrameworksBuildPhase section */

/* Begin PBXGroup section */
		52623AB7266BDC110012EC57 /* Products */ = {
			isa = PBXGroup;
			children = (
				52F0A8B2267E11BD009AF389 /* WavExample.app */,
				52F0A8CB267E4E27009AF389 /* MovExample.app */,
				52F09D2126C4BDA000B8B323 /* HlsExample.app */,
				52F09DA426C8F9D900B8B323 /* LivePhotosExample.app */,
				52F09DBD26C8FCDB00B8B323 /* SharedGameView.framework */,
			);
			name = Products;
			sourceTree = "<group>";
		};
		52623AE1266C57CA0012EC57 /* Frameworks */ = {
			isa = PBXGroup;
			children = (
			);
			name = Frameworks;
			sourceTree = "<group>";
		};
		52BD83332662162D0017506E = {
			isa = PBXGroup;
			children = (
				52F09DBE26C8FCDB00B8B323 /* SharedGameView */,
				52F0A8B3267E11BD009AF389 /* WavExample */,
				52F0A8CC267E4E27009AF389 /* MovExample */,
				52F09D2226C4BDA000B8B323 /* HlsExample */,
				52F09DA526C8F9D900B8B323 /* LivePhotosExample */,
				52623AB7266BDC110012EC57 /* Products */,
				52623AE1266C57CA0012EC57 /* Frameworks */,
			);
			sourceTree = "<group>";
		};
		52F09D2226C4BDA000B8B323 /* HlsExample */ = {
			isa = PBXGroup;
			children = (
				52F09D3D26C4BE8A00B8B323 /* Application */,
				52F09D9F26C57B8900B8B323 /* Domain */,
				52F09D3226C4BDD500B8B323 /* Presentation */,
				52F09D2526C4BDA000B8B323 /* art.scnassets */,
				52F09D2C26C4BDA200B8B323 /* Assets.xcassets */,
				52F09D2E26C4BDA200B8B323 /* Info.plist */,
			);
			path = HlsExample;
			sourceTree = "<group>";
		};
		52F09D3226C4BDD500B8B323 /* Presentation */ = {
			isa = PBXGroup;
			children = (
				52F09D4626C4BFDB00B8B323 /* GameViewModel.swift */,
				52F09D2726C4BDA000B8B323 /* GameViewController.swift */,
				52F09D2926C4BDA000B8B323 /* Main.storyboard */,
			);
			path = Presentation;
			sourceTree = "<group>";
		};
		52F09D3A26C4BE6B00B8B323 /* Services */ = {
			isa = PBXGroup;
			children = (
				52F09D3B26C4BE6B00B8B323 /* HlsCreatorService.swift */,
				52F09D9D26C5799600B8B323 /* HlsServerService.swift */,
			);
			path = Services;
			sourceTree = "<group>";
		};
		52F09D3D26C4BE8A00B8B323 /* Application */ = {
			isa = PBXGroup;
			children = (
				52F09D4126C4BEA600B8B323 /* Extensions */,
				52F09D3E26C4BEA600B8B323 /* Misc */,
				52F09D2326C4BDA000B8B323 /* AppDelegate.swift */,
			);
			path = Application;
			sourceTree = "<group>";
		};
		52F09D3E26C4BEA600B8B323 /* Misc */ = {
			isa = PBXGroup;
			children = (
				52F09D3F26C4BEA600B8B323 /* GetIpAddress.swift */,
				52F09D4026C4BEA600B8B323 /* LastNextDrawableTextureGettable.swift */,
			);
			path = Misc;
			sourceTree = "<group>";
		};
		52F09D4126C4BEA600B8B323 /* Extensions */ = {
			isa = PBXGroup;
			children = (
				52F09D4226C4BEA600B8B323 /* CAMetalLayer+Extensions.swift */,
			);
			path = Extensions;
			sourceTree = "<group>";
		};
		52F09D9F26C57B8900B8B323 /* Domain */ = {
			isa = PBXGroup;
			children = (
				52F09D3A26C4BE6B00B8B323 /* Services */,
			);
			path = Domain;
			sourceTree = "<group>";
		};
		52F09DA526C8F9D900B8B323 /* LivePhotosExample */ = {
			isa = PBXGroup;
			children = (
				52F09DA626C8F9D900B8B323 /* AppDelegate.swift */,
				52F09DA826C8F9D900B8B323 /* SceneDelegate.swift */,
				52F09DAA26C8F9D900B8B323 /* ViewController.swift */,
				52F09DAC26C8F9D900B8B323 /* Main.storyboard */,
				52F09DAF26C8F9DC00B8B323 /* Assets.xcassets */,
				52F09DB126C8F9DC00B8B323 /* LaunchScreen.storyboard */,
				52F09DB426C8F9DC00B8B323 /* Info.plist */,
			);
			path = LivePhotosExample;
			sourceTree = "<group>";
		};
		52F09DBE26C8FCDB00B8B323 /* SharedGameView */ = {
			isa = PBXGroup;
			children = (
				52F09DD126C8FE2400B8B323 /* Resources */,
				52F09DD326C8FE2400B8B323 /* Sources */,
				52F09DBF26C8FCDB00B8B323 /* SharedGameView.h */,
				52F09DC026C8FCDB00B8B323 /* Info.plist */,
			);
			path = SharedGameView;
			sourceTree = "<group>";
		};
		52F09DD126C8FE2400B8B323 /* Resources */ = {
			isa = PBXGroup;
			children = (
				52F09DD226C8FE2400B8B323 /* art.scnassets */,
			);
			path = Resources;
			sourceTree = "<group>";
		};
		52F09DD326C8FE2400B8B323 /* Sources */ = {
			isa = PBXGroup;
			children = (
				52F09DD426C8FE2400B8B323 /* Application */,
				52F09DDE26C8FE2400B8B323 /* Presentation */,
			);
			path = Sources;
			sourceTree = "<group>";
		};
		52F09DD426C8FE2400B8B323 /* Application */ = {
			isa = PBXGroup;
			children = (
				52F09DEE26C9176D00B8B323 /* TimeProvider */,
				52F09DD526C8FE2400B8B323 /* LastNextDrawableTextureGettable */,
				52F09DD826C8FE2400B8B323 /* Extensions */,
			);
			path = Application;
			sourceTree = "<group>";
		};
		52F09DD526C8FE2400B8B323 /* LastNextDrawableTextureGettable */ = {
			isa = PBXGroup;
			children = (
				52F09DD726C8FE2400B8B323 /* LastNextDrawableTextureGettable.swift */,
			);
			path = LastNextDrawableTextureGettable;
			sourceTree = "<group>";
		};
		52F09DD826C8FE2400B8B323 /* Extensions */ = {
			isa = PBXGroup;
			children = (
				52F09DD926C8FE2400B8B323 /* CAMetalLayer+Extensions.swift */,
			);
			path = Extensions;
			sourceTree = "<group>";
		};
		52F09DDE26C8FE2400B8B323 /* Presentation */ = {
			isa = PBXGroup;
			children = (
				52F09DEC26C904FD00B8B323 /* SharedGameView.swift */,
			);
			path = Presentation;
			sourceTree = "<group>";
		};
		52F09DEE26C9176D00B8B323 /* TimeProvider */ = {
			isa = PBXGroup;
			children = (
				52F09DEF26C9177800B8B323 /* TimeProvider.swift */,
			);
			path = TimeProvider;
			sourceTree = "<group>";
		};
		52F0A8B3267E11BD009AF389 /* WavExample */ = {
			isa = PBXGroup;
			children = (
				52F0A8B4267E11BD009AF389 /* WavExampleApp.swift */,
				52F0A8B6267E11BD009AF389 /* ContentView.swift */,
				52F0A8C3267E1207009AF389 /* ContentViewModel.swift */,
				52F0A8C5267E460C009AF389 /* AudioEngineService.swift */,
				52F0A8B8267E11C0009AF389 /* Assets.xcassets */,
				52F0A8BD267E11C0009AF389 /* Info.plist */,
				52F0A8BA267E11C0009AF389 /* Preview Content */,
			);
			path = WavExample;
			sourceTree = "<group>";
		};
		52F0A8BA267E11C0009AF389 /* Preview Content */ = {
			isa = PBXGroup;
			children = (
				52F0A8BB267E11C0009AF389 /* Preview Assets.xcassets */,
			);
			path = "Preview Content";
			sourceTree = "<group>";
		};
		52F0A8CC267E4E27009AF389 /* MovExample */ = {
			isa = PBXGroup;
			children = (
				52F0A8CD267E4E27009AF389 /* AppDelegate.swift */,
				52F0A8CF267E4E27009AF389 /* ShaderTypes.h */,
				52F0A8D0267E4E27009AF389 /* Renderer.swift */,
				52F0A8D2267E4E27009AF389 /* GameViewController.swift */,
				52F0A8E1267E60D0009AF389 /* AudioEngineService.swift */,
				52F0A8D4267E4E27009AF389 /* Shaders.metal */,
				52F0A8D6267E4E27009AF389 /* Main.storyboard */,
				52F0A8D9267E4E2A009AF389 /* Assets.xcassets */,
				52F0A8DB267E4E2A009AF389 /* Info.plist */,
			);
			path = MovExample;
			sourceTree = "<group>";
		};
/* End PBXGroup section */

/* Begin PBXHeadersBuildPhase section */
		52F09DB826C8FCDB00B8B323 /* Headers */ = {
			isa = PBXHeadersBuildPhase;
			buildActionMask = 2147483647;
			files = (
				52F09DC126C8FCDB00B8B323 /* SharedGameView.h in Headers */,
			);
			runOnlyForDeploymentPostprocessing = 0;
		};
/* End PBXHeadersBuildPhase section */

/* Begin PBXNativeTarget section */
		52F09D2026C4BDA000B8B323 /* HlsExample */ = {
			isa = PBXNativeTarget;
			buildConfigurationList = 52F09D3126C4BDA200B8B323 /* Build configuration list for PBXNativeTarget "HlsExample" */;
			buildPhases = (
				52F09D1D26C4BDA000B8B323 /* Sources */,
				52F09D1E26C4BDA000B8B323 /* Frameworks */,
				52F09D1F26C4BDA000B8B323 /* Resources */,
			);
			buildRules = (
			);
			dependencies = (
			);
			name = HlsExample;
			packageProductDependencies = (
				52F09D3426C4BE1800B8B323 /* Swifter */,
				52F09D3626C4BE3900B8B323 /* UnityVideoCreator */,
			);
			productName = HlsExample;
			productReference = 52F09D2126C4BDA000B8B323 /* HlsExample.app */;
			productType = "com.apple.product-type.application";
		};
		52F09DA326C8F9D900B8B323 /* LivePhotosExample */ = {
			isa = PBXNativeTarget;
			buildConfigurationList = 52F09DB726C8F9DC00B8B323 /* Build configuration list for PBXNativeTarget "LivePhotosExample" */;
			buildPhases = (
				52F09DA026C8F9D900B8B323 /* Sources */,
				52F09DA126C8F9D900B8B323 /* Frameworks */,
				52F09DA226C8F9D900B8B323 /* Resources */,
				52F09DCE26C8FCEA00B8B323 /* Embed Frameworks */,
			);
			buildRules = (
			);
			dependencies = (
				52F09DCD26C8FCEA00B8B323 /* PBXTargetDependency */,
			);
			name = LivePhotosExample;
			packageProductDependencies = (
				52F09DCF26C8FCEE00B8B323 /* UnityVideoCreator */,
			);
			productName = LivePhotosExample;
			productReference = 52F09DA426C8F9D900B8B323 /* LivePhotosExample.app */;
			productType = "com.apple.product-type.application";
		};
		52F09DBC26C8FCDB00B8B323 /* SharedGameView */ = {
			isa = PBXNativeTarget;
			buildConfigurationList = 52F09DC626C8FCDB00B8B323 /* Build configuration list for PBXNativeTarget "SharedGameView" */;
			buildPhases = (
				52F09DB826C8FCDB00B8B323 /* Headers */,
				52F09DB926C8FCDB00B8B323 /* Sources */,
				52F09DBA26C8FCDB00B8B323 /* Frameworks */,
				52F09DBB26C8FCDB00B8B323 /* Resources */,
			);
			buildRules = (
			);
			dependencies = (
			);
			name = SharedGameView;
			productName = SharedGameView;
			productReference = 52F09DBD26C8FCDB00B8B323 /* SharedGameView.framework */;
			productType = "com.apple.product-type.framework";
		};
		52F0A8B1267E11BD009AF389 /* WavExample */ = {
			isa = PBXNativeTarget;
			buildConfigurationList = 52F0A8C0267E11C0009AF389 /* Build configuration list for PBXNativeTarget "WavExample" */;
			buildPhases = (
				52F0A8AE267E11BD009AF389 /* Sources */,
				52F0A8AF267E11BD009AF389 /* Frameworks */,
				52F0A8B0267E11BD009AF389 /* Resources */,
			);
			buildRules = (
			);
			dependencies = (
			);
			name = WavExample;
			packageProductDependencies = (
				52F0A8C1267E11F3009AF389 /* UnityVideoCreator */,
			);
			productName = WavExample;
			productReference = 52F0A8B2267E11BD009AF389 /* WavExample.app */;
			productType = "com.apple.product-type.application";
		};
		52F0A8CA267E4E27009AF389 /* MovExample */ = {
			isa = PBXNativeTarget;
			buildConfigurationList = 52F0A8DC267E4E2A009AF389 /* Build configuration list for PBXNativeTarget "MovExample" */;
			buildPhases = (
				52F0A8C7267E4E27009AF389 /* Sources */,
				52F0A8C8267E4E27009AF389 /* Frameworks */,
				52F0A8C9267E4E27009AF389 /* Resources */,
			);
			buildRules = (
			);
			dependencies = (
			);
			name = MovExample;
			packageProductDependencies = (
				52F0A8DF267E5A8A009AF389 /* UnityVideoCreator */,
			);
			productName = MovExample;
			productReference = 52F0A8CB267E4E27009AF389 /* MovExample.app */;
			productType = "com.apple.product-type.application";
		};
/* End PBXNativeTarget section */

/* Begin PBXProject section */
		52BD83342662162D0017506E /* Project object */ = {
			isa = PBXProject;
			attributes = {
				LastSwiftUpdateCheck = 1250;
				LastUpgradeCheck = 1250;
				TargetAttributes = {
					52F09D2026C4BDA000B8B323 = {
						CreatedOnToolsVersion = 12.5;
					};
					52F09DA326C8F9D900B8B323 = {
						CreatedOnToolsVersion = 12.5;
					};
					52F09DBC26C8FCDB00B8B323 = {
						CreatedOnToolsVersion = 12.5;
					};
					52F0A8B1267E11BD009AF389 = {
						CreatedOnToolsVersion = 12.5;
					};
					52F0A8CA267E4E27009AF389 = {
						CreatedOnToolsVersion = 12.5;
					};
				};
			};
			buildConfigurationList = 52BD83372662162D0017506E /* Build configuration list for PBXProject "NativeExamples" */;
			compatibilityVersion = "Xcode 9.3";
			developmentRegion = en;
			hasScannedForEncodings = 0;
			knownRegions = (
				en,
				Base,
			);
			mainGroup = 52BD83332662162D0017506E;
			packageReferences = (
				52F09D3326C4BE1800B8B323 /* XCRemoteSwiftPackageReference "swifter" */,
			);
			productRefGroup = 52623AB7266BDC110012EC57 /* Products */;
			projectDirPath = "";
			projectRoot = "";
			targets = (
				52F0A8B1267E11BD009AF389 /* WavExample */,
				52F0A8CA267E4E27009AF389 /* MovExample */,
				52F09D2026C4BDA000B8B323 /* HlsExample */,
				52F09DA326C8F9D900B8B323 /* LivePhotosExample */,
				52F09DBC26C8FCDB00B8B323 /* SharedGameView */,
			);
		};
/* End PBXProject section */

/* Begin PBXResourcesBuildPhase section */
		52F09D1F26C4BDA000B8B323 /* Resources */ = {
			isa = PBXResourcesBuildPhase;
			buildActionMask = 2147483647;
			files = (
				52F09D2626C4BDA000B8B323 /* art.scnassets in Resources */,
				52F09D2D26C4BDA200B8B323 /* Assets.xcassets in Resources */,
				52F09D2B26C4BDA000B8B323 /* Main.storyboard in Resources */,
			);
			runOnlyForDeploymentPostprocessing = 0;
		};
		52F09DA226C8F9D900B8B323 /* Resources */ = {
			isa = PBXResourcesBuildPhase;
			buildActionMask = 2147483647;
			files = (
				52F09DB326C8F9DC00B8B323 /* LaunchScreen.storyboard in Resources */,
				52F09DB026C8F9DC00B8B323 /* Assets.xcassets in Resources */,
				52F09DAE26C8F9D900B8B323 /* Main.storyboard in Resources */,
			);
			runOnlyForDeploymentPostprocessing = 0;
		};
		52F09DBB26C8FCDB00B8B323 /* Resources */ = {
			isa = PBXResourcesBuildPhase;
			buildActionMask = 2147483647;
			files = (
				52F09DE326C8FE2400B8B323 /* art.scnassets in Resources */,
			);
			runOnlyForDeploymentPostprocessing = 0;
		};
		52F0A8B0267E11BD009AF389 /* Resources */ = {
			isa = PBXResourcesBuildPhase;
			buildActionMask = 2147483647;
			files = (
				52F0A8BC267E11C0009AF389 /* Preview Assets.xcassets in Resources */,
				52F0A8B9267E11C0009AF389 /* Assets.xcassets in Resources */,
			);
			runOnlyForDeploymentPostprocessing = 0;
		};
		52F0A8C9267E4E27009AF389 /* Resources */ = {
			isa = PBXResourcesBuildPhase;
			buildActionMask = 2147483647;
			files = (
				52F0A8DA267E4E2A009AF389 /* Assets.xcassets in Resources */,
				52F0A8D8267E4E27009AF389 /* Main.storyboard in Resources */,
			);
			runOnlyForDeploymentPostprocessing = 0;
		};
/* End PBXResourcesBuildPhase section */

/* Begin PBXSourcesBuildPhase section */
		52F09D1D26C4BDA000B8B323 /* Sources */ = {
			isa = PBXSourcesBuildPhase;
			buildActionMask = 2147483647;
			files = (
				52F09D9E26C5799600B8B323 /* HlsServerService.swift in Sources */,
				52F09D4326C4BEA600B8B323 /* GetIpAddress.swift in Sources */,
				52F09D3C26C4BE6B00B8B323 /* HlsCreatorService.swift in Sources */,
				52F09D2826C4BDA000B8B323 /* GameViewController.swift in Sources */,
				52F09D2426C4BDA000B8B323 /* AppDelegate.swift in Sources */,
				52F09D4426C4BEA600B8B323 /* LastNextDrawableTextureGettable.swift in Sources */,
				52F09D4526C4BEA600B8B323 /* CAMetalLayer+Extensions.swift in Sources */,
				52F09D4726C4BFDB00B8B323 /* GameViewModel.swift in Sources */,
			);
			runOnlyForDeploymentPostprocessing = 0;
		};
		52F09DA026C8F9D900B8B323 /* Sources */ = {
			isa = PBXSourcesBuildPhase;
			buildActionMask = 2147483647;
			files = (
				52F09DAB26C8F9D900B8B323 /* ViewController.swift in Sources */,
				52F09DA726C8F9D900B8B323 /* AppDelegate.swift in Sources */,
				52F09DA926C8F9D900B8B323 /* SceneDelegate.swift in Sources */,
			);
			runOnlyForDeploymentPostprocessing = 0;
		};
		52F09DB926C8FCDB00B8B323 /* Sources */ = {
			isa = PBXSourcesBuildPhase;
			buildActionMask = 2147483647;
			files = (
				52F09DE526C8FE2400B8B323 /* LastNextDrawableTextureGettable.swift in Sources */,
				52F09DED26C904FD00B8B323 /* SharedGameView.swift in Sources */,
				52F09DE626C8FE2400B8B323 /* CAMetalLayer+Extensions.swift in Sources */,
				52F09DF026C9177800B8B323 /* TimeProvider.swift in Sources */,
			);
			runOnlyForDeploymentPostprocessing = 0;
		};
		52F0A8AE267E11BD009AF389 /* Sources */ = {
			isa = PBXSourcesBuildPhase;
			buildActionMask = 2147483647;
			files = (
				52F0A8C6267E460C009AF389 /* AudioEngineService.swift in Sources */,
				52F0A8B7267E11BD009AF389 /* ContentView.swift in Sources */,
				52F0A8B5267E11BD009AF389 /* WavExampleApp.swift in Sources */,
				52F0A8C4267E1207009AF389 /* ContentViewModel.swift in Sources */,
			);
			runOnlyForDeploymentPostprocessing = 0;
		};
		52F0A8C7267E4E27009AF389 /* Sources */ = {
			isa = PBXSourcesBuildPhase;
			buildActionMask = 2147483647;
			files = (
				52F0A8D5267E4E27009AF389 /* Shaders.metal in Sources */,
				52F0A8D1267E4E27009AF389 /* Renderer.swift in Sources */,
				52F0A8E2267E60D0009AF389 /* AudioEngineService.swift in Sources */,
				52F0A8D3267E4E27009AF389 /* GameViewController.swift in Sources */,
				52F0A8CE267E4E27009AF389 /* AppDelegate.swift in Sources */,
			);
			runOnlyForDeploymentPostprocessing = 0;
		};
/* End PBXSourcesBuildPhase section */

/* Begin PBXTargetDependency section */
		52F09DCD26C8FCEA00B8B323 /* PBXTargetDependency */ = {
			isa = PBXTargetDependency;
			target = 52F09DBC26C8FCDB00B8B323 /* SharedGameView */;
			targetProxy = 52F09DCC26C8FCEA00B8B323 /* PBXContainerItemProxy */;
		};
/* End PBXTargetDependency section */

/* Begin PBXVariantGroup section */
		52F09D2926C4BDA000B8B323 /* Main.storyboard */ = {
			isa = PBXVariantGroup;
			children = (
				52F09D2A26C4BDA000B8B323 /* Base */,
			);
			name = Main.storyboard;
			sourceTree = "<group>";
		};
		52F09DAC26C8F9D900B8B323 /* Main.storyboard */ = {
			isa = PBXVariantGroup;
			children = (
				52F09DAD26C8F9D900B8B323 /* Base */,
			);
			name = Main.storyboard;
			sourceTree = "<group>";
		};
		52F09DB126C8F9DC00B8B323 /* LaunchScreen.storyboard */ = {
			isa = PBXVariantGroup;
			children = (
				52F09DB226C8F9DC00B8B323 /* Base */,
			);
			name = LaunchScreen.storyboard;
			sourceTree = "<group>";
		};
		52F0A8D6267E4E27009AF389 /* Main.storyboard */ = {
			isa = PBXVariantGroup;
			children = (
				52F0A8D7267E4E27009AF389 /* Base */,
			);
			name = Main.storyboard;
			sourceTree = "<group>";
		};
/* End PBXVariantGroup section */

/* Begin XCBuildConfiguration section */
		52BD83382662162D0017506E /* Debug */ = {
			isa = XCBuildConfiguration;
			buildSettings = {
			};
			name = Debug;
		};
		52BD83392662162D0017506E /* Release */ = {
			isa = XCBuildConfiguration;
			buildSettings = {
			};
			name = Release;
		};
		52F09D2F26C4BDA200B8B323 /* Debug */ = {
			isa = XCBuildConfiguration;
			buildSettings = {
				ALWAYS_SEARCH_USER_PATHS = NO;
				ASSETCATALOG_COMPILER_APPICON_NAME = AppIcon;
				ASSETCATALOG_COMPILER_GLOBAL_ACCENT_COLOR_NAME = AccentColor;
				CLANG_ANALYZER_NONNULL = YES;
				CLANG_ANALYZER_NUMBER_OBJECT_CONVERSION = YES_AGGRESSIVE;
				CLANG_CXX_LANGUAGE_STANDARD = "gnu++14";
				CLANG_CXX_LIBRARY = "libc++";
				CLANG_ENABLE_MODULES = YES;
				CLANG_ENABLE_OBJC_ARC = YES;
				CLANG_ENABLE_OBJC_WEAK = YES;
				CLANG_WARN_BLOCK_CAPTURE_AUTORELEASING = YES;
				CLANG_WARN_BOOL_CONVERSION = YES;
				CLANG_WARN_COMMA = YES;
				CLANG_WARN_CONSTANT_CONVERSION = YES;
				CLANG_WARN_DEPRECATED_OBJC_IMPLEMENTATIONS = YES;
				CLANG_WARN_DIRECT_OBJC_ISA_USAGE = YES_ERROR;
				CLANG_WARN_DOCUMENTATION_COMMENTS = YES;
				CLANG_WARN_EMPTY_BODY = YES;
				CLANG_WARN_ENUM_CONVERSION = YES;
				CLANG_WARN_INFINITE_RECURSION = YES;
				CLANG_WARN_INT_CONVERSION = YES;
				CLANG_WARN_NON_LITERAL_NULL_CONVERSION = YES;
				CLANG_WARN_OBJC_IMPLICIT_RETAIN_SELF = YES;
				CLANG_WARN_OBJC_LITERAL_CONVERSION = YES;
				CLANG_WARN_OBJC_ROOT_CLASS = YES_ERROR;
				CLANG_WARN_QUOTED_INCLUDE_IN_FRAMEWORK_HEADER = YES;
				CLANG_WARN_RANGE_LOOP_ANALYSIS = YES;
				CLANG_WARN_STRICT_PROTOTYPES = YES;
				CLANG_WARN_SUSPICIOUS_MOVE = YES;
				CLANG_WARN_UNGUARDED_AVAILABILITY = YES_AGGRESSIVE;
				CLANG_WARN_UNREACHABLE_CODE = YES;
				CLANG_WARN__DUPLICATE_METHOD_MATCH = YES;
				CODE_SIGN_STYLE = Automatic;
				COPY_PHASE_STRIP = NO;
				DEBUG_INFORMATION_FORMAT = dwarf;
				DEVELOPMENT_TEAM = N8B2B6D2KS;
				ENABLE_STRICT_OBJC_MSGSEND = YES;
				ENABLE_TESTABILITY = YES;
				GCC_C_LANGUAGE_STANDARD = gnu11;
				GCC_DYNAMIC_NO_PIC = NO;
				GCC_NO_COMMON_BLOCKS = YES;
				GCC_OPTIMIZATION_LEVEL = 0;
				GCC_PREPROCESSOR_DEFINITIONS = (
					"DEBUG=1",
					"$(inherited)",
				);
				GCC_WARN_64_TO_32_BIT_CONVERSION = YES;
				GCC_WARN_ABOUT_RETURN_TYPE = YES_ERROR;
				GCC_WARN_UNDECLARED_SELECTOR = YES;
				GCC_WARN_UNINITIALIZED_AUTOS = YES_AGGRESSIVE;
				GCC_WARN_UNUSED_FUNCTION = YES;
				GCC_WARN_UNUSED_VARIABLE = YES;
				INFOPLIST_FILE = HlsExample/Info.plist;
				IPHONEOS_DEPLOYMENT_TARGET = 14.5;
				LD_RUNPATH_SEARCH_PATHS = (
					"$(inherited)",
					"@executable_path/Frameworks",
				);
				MTL_ENABLE_DEBUG_INFO = INCLUDE_SOURCE;
				MTL_FAST_MATH = YES;
				ONLY_ACTIVE_ARCH = YES;
				PRODUCT_BUNDLE_IDENTIFIER = factory.fuziki.example2;
				PRODUCT_NAME = "$(TARGET_NAME)";
				SDKROOT = iphoneos;
				SWIFT_ACTIVE_COMPILATION_CONDITIONS = DEBUG;
				SWIFT_OPTIMIZATION_LEVEL = "-Onone";
				SWIFT_VERSION = 5.0;
				TARGETED_DEVICE_FAMILY = "1,2";
			};
			name = Debug;
		};
		52F09D3026C4BDA200B8B323 /* Release */ = {
			isa = XCBuildConfiguration;
			buildSettings = {
				ALWAYS_SEARCH_USER_PATHS = NO;
				ASSETCATALOG_COMPILER_APPICON_NAME = AppIcon;
				ASSETCATALOG_COMPILER_GLOBAL_ACCENT_COLOR_NAME = AccentColor;
				CLANG_ANALYZER_NONNULL = YES;
				CLANG_ANALYZER_NUMBER_OBJECT_CONVERSION = YES_AGGRESSIVE;
				CLANG_CXX_LANGUAGE_STANDARD = "gnu++14";
				CLANG_CXX_LIBRARY = "libc++";
				CLANG_ENABLE_MODULES = YES;
				CLANG_ENABLE_OBJC_ARC = YES;
				CLANG_ENABLE_OBJC_WEAK = YES;
				CLANG_WARN_BLOCK_CAPTURE_AUTORELEASING = YES;
				CLANG_WARN_BOOL_CONVERSION = YES;
				CLANG_WARN_COMMA = YES;
				CLANG_WARN_CONSTANT_CONVERSION = YES;
				CLANG_WARN_DEPRECATED_OBJC_IMPLEMENTATIONS = YES;
				CLANG_WARN_DIRECT_OBJC_ISA_USAGE = YES_ERROR;
				CLANG_WARN_DOCUMENTATION_COMMENTS = YES;
				CLANG_WARN_EMPTY_BODY = YES;
				CLANG_WARN_ENUM_CONVERSION = YES;
				CLANG_WARN_INFINITE_RECURSION = YES;
				CLANG_WARN_INT_CONVERSION = YES;
				CLANG_WARN_NON_LITERAL_NULL_CONVERSION = YES;
				CLANG_WARN_OBJC_IMPLICIT_RETAIN_SELF = YES;
				CLANG_WARN_OBJC_LITERAL_CONVERSION = YES;
				CLANG_WARN_OBJC_ROOT_CLASS = YES_ERROR;
				CLANG_WARN_QUOTED_INCLUDE_IN_FRAMEWORK_HEADER = YES;
				CLANG_WARN_RANGE_LOOP_ANALYSIS = YES;
				CLANG_WARN_STRICT_PROTOTYPES = YES;
				CLANG_WARN_SUSPICIOUS_MOVE = YES;
				CLANG_WARN_UNGUARDED_AVAILABILITY = YES_AGGRESSIVE;
				CLANG_WARN_UNREACHABLE_CODE = YES;
				CLANG_WARN__DUPLICATE_METHOD_MATCH = YES;
				CODE_SIGN_STYLE = Automatic;
				COPY_PHASE_STRIP = NO;
				DEBUG_INFORMATION_FORMAT = "dwarf-with-dsym";
				DEVELOPMENT_TEAM = N8B2B6D2KS;
				ENABLE_NS_ASSERTIONS = NO;
				ENABLE_STRICT_OBJC_MSGSEND = YES;
				GCC_C_LANGUAGE_STANDARD = gnu11;
				GCC_NO_COMMON_BLOCKS = YES;
				GCC_WARN_64_TO_32_BIT_CONVERSION = YES;
				GCC_WARN_ABOUT_RETURN_TYPE = YES_ERROR;
				GCC_WARN_UNDECLARED_SELECTOR = YES;
				GCC_WARN_UNINITIALIZED_AUTOS = YES_AGGRESSIVE;
				GCC_WARN_UNUSED_FUNCTION = YES;
				GCC_WARN_UNUSED_VARIABLE = YES;
				INFOPLIST_FILE = HlsExample/Info.plist;
				IPHONEOS_DEPLOYMENT_TARGET = 14.5;
				LD_RUNPATH_SEARCH_PATHS = (
					"$(inherited)",
					"@executable_path/Frameworks",
				);
				MTL_ENABLE_DEBUG_INFO = NO;
				MTL_FAST_MATH = YES;
				PRODUCT_BUNDLE_IDENTIFIER = factory.fuziki.example2;
				PRODUCT_NAME = "$(TARGET_NAME)";
				SDKROOT = iphoneos;
				SWIFT_COMPILATION_MODE = wholemodule;
				SWIFT_OPTIMIZATION_LEVEL = "-O";
				SWIFT_VERSION = 5.0;
				TARGETED_DEVICE_FAMILY = "1,2";
				VALIDATE_PRODUCT = YES;
			};
			name = Release;
		};
		52F09DB526C8F9DC00B8B323 /* Debug */ = {
			isa = XCBuildConfiguration;
			buildSettings = {
				ALWAYS_EMBED_SWIFT_STANDARD_LIBRARIES = YES;
				ALWAYS_SEARCH_USER_PATHS = NO;
				ASSETCATALOG_COMPILER_APPICON_NAME = AppIcon;
				ASSETCATALOG_COMPILER_GLOBAL_ACCENT_COLOR_NAME = AccentColor;
				CLANG_ANALYZER_NONNULL = YES;
				CLANG_ANALYZER_NUMBER_OBJECT_CONVERSION = YES_AGGRESSIVE;
				CLANG_CXX_LANGUAGE_STANDARD = "gnu++14";
				CLANG_CXX_LIBRARY = "libc++";
				CLANG_ENABLE_MODULES = YES;
				CLANG_ENABLE_OBJC_ARC = YES;
				CLANG_ENABLE_OBJC_WEAK = YES;
				CLANG_WARN_BLOCK_CAPTURE_AUTORELEASING = YES;
				CLANG_WARN_BOOL_CONVERSION = YES;
				CLANG_WARN_COMMA = YES;
				CLANG_WARN_CONSTANT_CONVERSION = YES;
				CLANG_WARN_DEPRECATED_OBJC_IMPLEMENTATIONS = YES;
				CLANG_WARN_DIRECT_OBJC_ISA_USAGE = YES_ERROR;
				CLANG_WARN_DOCUMENTATION_COMMENTS = YES;
				CLANG_WARN_EMPTY_BODY = YES;
				CLANG_WARN_ENUM_CONVERSION = YES;
				CLANG_WARN_INFINITE_RECURSION = YES;
				CLANG_WARN_INT_CONVERSION = YES;
				CLANG_WARN_NON_LITERAL_NULL_CONVERSION = YES;
				CLANG_WARN_OBJC_IMPLICIT_RETAIN_SELF = YES;
				CLANG_WARN_OBJC_LITERAL_CONVERSION = YES;
				CLANG_WARN_OBJC_ROOT_CLASS = YES_ERROR;
				CLANG_WARN_QUOTED_INCLUDE_IN_FRAMEWORK_HEADER = YES;
				CLANG_WARN_RANGE_LOOP_ANALYSIS = YES;
				CLANG_WARN_STRICT_PROTOTYPES = YES;
				CLANG_WARN_SUSPICIOUS_MOVE = YES;
				CLANG_WARN_UNGUARDED_AVAILABILITY = YES_AGGRESSIVE;
				CLANG_WARN_UNREACHABLE_CODE = YES;
				CLANG_WARN__DUPLICATE_METHOD_MATCH = YES;
				CODE_SIGN_STYLE = Automatic;
				COPY_PHASE_STRIP = NO;
				DEBUG_INFORMATION_FORMAT = dwarf;
				DEVELOPMENT_TEAM = N8B2B6D2KS;
				ENABLE_STRICT_OBJC_MSGSEND = YES;
				ENABLE_TESTABILITY = YES;
				GCC_C_LANGUAGE_STANDARD = gnu11;
				GCC_DYNAMIC_NO_PIC = NO;
				GCC_NO_COMMON_BLOCKS = YES;
				GCC_OPTIMIZATION_LEVEL = 0;
				GCC_PREPROCESSOR_DEFINITIONS = (
					"DEBUG=1",
					"$(inherited)",
				);
				GCC_WARN_64_TO_32_BIT_CONVERSION = YES;
				GCC_WARN_ABOUT_RETURN_TYPE = YES_ERROR;
				GCC_WARN_UNDECLARED_SELECTOR = YES;
				GCC_WARN_UNINITIALIZED_AUTOS = YES_AGGRESSIVE;
				GCC_WARN_UNUSED_FUNCTION = YES;
				GCC_WARN_UNUSED_VARIABLE = YES;
				INFOPLIST_FILE = LivePhotosExample/Info.plist;
				IPHONEOS_DEPLOYMENT_TARGET = 14.5;
				LD_RUNPATH_SEARCH_PATHS = (
					"$(inherited)",
					"@executable_path/Frameworks",
				);
				MTL_ENABLE_DEBUG_INFO = INCLUDE_SOURCE;
				MTL_FAST_MATH = YES;
				ONLY_ACTIVE_ARCH = YES;
				PRODUCT_BUNDLE_IDENTIFIER = factory.fuziki.example2;
				PRODUCT_NAME = "$(TARGET_NAME)";
				SDKROOT = iphoneos;
				SWIFT_ACTIVE_COMPILATION_CONDITIONS = DEBUG;
				SWIFT_OPTIMIZATION_LEVEL = "-Onone";
				SWIFT_VERSION = 5.0;
				TARGETED_DEVICE_FAMILY = "1,2";
			};
			name = Debug;
		};
		52F09DB626C8F9DC00B8B323 /* Release */ = {
			isa = XCBuildConfiguration;
			buildSettings = {
				ALWAYS_EMBED_SWIFT_STANDARD_LIBRARIES = YES;
				ALWAYS_SEARCH_USER_PATHS = NO;
				ASSETCATALOG_COMPILER_APPICON_NAME = AppIcon;
				ASSETCATALOG_COMPILER_GLOBAL_ACCENT_COLOR_NAME = AccentColor;
				CLANG_ANALYZER_NONNULL = YES;
				CLANG_ANALYZER_NUMBER_OBJECT_CONVERSION = YES_AGGRESSIVE;
				CLANG_CXX_LANGUAGE_STANDARD = "gnu++14";
				CLANG_CXX_LIBRARY = "libc++";
				CLANG_ENABLE_MODULES = YES;
				CLANG_ENABLE_OBJC_ARC = YES;
				CLANG_ENABLE_OBJC_WEAK = YES;
				CLANG_WARN_BLOCK_CAPTURE_AUTORELEASING = YES;
				CLANG_WARN_BOOL_CONVERSION = YES;
				CLANG_WARN_COMMA = YES;
				CLANG_WARN_CONSTANT_CONVERSION = YES;
				CLANG_WARN_DEPRECATED_OBJC_IMPLEMENTATIONS = YES;
				CLANG_WARN_DIRECT_OBJC_ISA_USAGE = YES_ERROR;
				CLANG_WARN_DOCUMENTATION_COMMENTS = YES;
				CLANG_WARN_EMPTY_BODY = YES;
				CLANG_WARN_ENUM_CONVERSION = YES;
				CLANG_WARN_INFINITE_RECURSION = YES;
				CLANG_WARN_INT_CONVERSION = YES;
				CLANG_WARN_NON_LITERAL_NULL_CONVERSION = YES;
				CLANG_WARN_OBJC_IMPLICIT_RETAIN_SELF = YES;
				CLANG_WARN_OBJC_LITERAL_CONVERSION = YES;
				CLANG_WARN_OBJC_ROOT_CLASS = YES_ERROR;
				CLANG_WARN_QUOTED_INCLUDE_IN_FRAMEWORK_HEADER = YES;
				CLANG_WARN_RANGE_LOOP_ANALYSIS = YES;
				CLANG_WARN_STRICT_PROTOTYPES = YES;
				CLANG_WARN_SUSPICIOUS_MOVE = YES;
				CLANG_WARN_UNGUARDED_AVAILABILITY = YES_AGGRESSIVE;
				CLANG_WARN_UNREACHABLE_CODE = YES;
				CLANG_WARN__DUPLICATE_METHOD_MATCH = YES;
				CODE_SIGN_STYLE = Automatic;
				COPY_PHASE_STRIP = NO;
				DEBUG_INFORMATION_FORMAT = "dwarf-with-dsym";
				DEVELOPMENT_TEAM = N8B2B6D2KS;
				ENABLE_NS_ASSERTIONS = NO;
				ENABLE_STRICT_OBJC_MSGSEND = YES;
				GCC_C_LANGUAGE_STANDARD = gnu11;
				GCC_NO_COMMON_BLOCKS = YES;
				GCC_WARN_64_TO_32_BIT_CONVERSION = YES;
				GCC_WARN_ABOUT_RETURN_TYPE = YES_ERROR;
				GCC_WARN_UNDECLARED_SELECTOR = YES;
				GCC_WARN_UNINITIALIZED_AUTOS = YES_AGGRESSIVE;
				GCC_WARN_UNUSED_FUNCTION = YES;
				GCC_WARN_UNUSED_VARIABLE = YES;
				INFOPLIST_FILE = LivePhotosExample/Info.plist;
				IPHONEOS_DEPLOYMENT_TARGET = 14.5;
				LD_RUNPATH_SEARCH_PATHS = (
					"$(inherited)",
					"@executable_path/Frameworks",
				);
				MTL_ENABLE_DEBUG_INFO = NO;
				MTL_FAST_MATH = YES;
				PRODUCT_BUNDLE_IDENTIFIER = factory.fuziki.example2;
				PRODUCT_NAME = "$(TARGET_NAME)";
				SDKROOT = iphoneos;
				SWIFT_COMPILATION_MODE = wholemodule;
				SWIFT_OPTIMIZATION_LEVEL = "-O";
				SWIFT_VERSION = 5.0;
				TARGETED_DEVICE_FAMILY = "1,2";
				VALIDATE_PRODUCT = YES;
			};
			name = Release;
		};
		52F09DC726C8FCDB00B8B323 /* Debug */ = {
			isa = XCBuildConfiguration;
			buildSettings = {
				ALWAYS_SEARCH_USER_PATHS = NO;
				CLANG_ANALYZER_NONNULL = YES;
				CLANG_ANALYZER_NUMBER_OBJECT_CONVERSION = YES_AGGRESSIVE;
				CLANG_CXX_LANGUAGE_STANDARD = "gnu++14";
				CLANG_CXX_LIBRARY = "libc++";
				CLANG_ENABLE_MODULES = YES;
				CLANG_ENABLE_OBJC_ARC = YES;
				CLANG_ENABLE_OBJC_WEAK = YES;
				CLANG_WARN_BLOCK_CAPTURE_AUTORELEASING = YES;
				CLANG_WARN_BOOL_CONVERSION = YES;
				CLANG_WARN_COMMA = YES;
				CLANG_WARN_CONSTANT_CONVERSION = YES;
				CLANG_WARN_DEPRECATED_OBJC_IMPLEMENTATIONS = YES;
				CLANG_WARN_DIRECT_OBJC_ISA_USAGE = YES_ERROR;
				CLANG_WARN_DOCUMENTATION_COMMENTS = YES;
				CLANG_WARN_EMPTY_BODY = YES;
				CLANG_WARN_ENUM_CONVERSION = YES;
				CLANG_WARN_INFINITE_RECURSION = YES;
				CLANG_WARN_INT_CONVERSION = YES;
				CLANG_WARN_NON_LITERAL_NULL_CONVERSION = YES;
				CLANG_WARN_OBJC_IMPLICIT_RETAIN_SELF = YES;
				CLANG_WARN_OBJC_LITERAL_CONVERSION = YES;
				CLANG_WARN_OBJC_ROOT_CLASS = YES_ERROR;
				CLANG_WARN_QUOTED_INCLUDE_IN_FRAMEWORK_HEADER = YES;
				CLANG_WARN_RANGE_LOOP_ANALYSIS = YES;
				CLANG_WARN_STRICT_PROTOTYPES = YES;
				CLANG_WARN_SUSPICIOUS_MOVE = YES;
				CLANG_WARN_UNGUARDED_AVAILABILITY = YES_AGGRESSIVE;
				CLANG_WARN_UNREACHABLE_CODE = YES;
				CLANG_WARN__DUPLICATE_METHOD_MATCH = YES;
				CODE_SIGN_STYLE = Automatic;
				COPY_PHASE_STRIP = NO;
				CURRENT_PROJECT_VERSION = 1;
				DEBUG_INFORMATION_FORMAT = dwarf;
				DEFINES_MODULE = YES;
				DEVELOPMENT_TEAM = N8B2B6D2KS;
				DYLIB_COMPATIBILITY_VERSION = 1;
				DYLIB_CURRENT_VERSION = 1;
				DYLIB_INSTALL_NAME_BASE = "@rpath";
				ENABLE_STRICT_OBJC_MSGSEND = YES;
				ENABLE_TESTABILITY = YES;
				GCC_C_LANGUAGE_STANDARD = gnu11;
				GCC_DYNAMIC_NO_PIC = NO;
				GCC_NO_COMMON_BLOCKS = YES;
				GCC_OPTIMIZATION_LEVEL = 0;
				GCC_PREPROCESSOR_DEFINITIONS = (
					"DEBUG=1",
					"$(inherited)",
				);
				GCC_WARN_64_TO_32_BIT_CONVERSION = YES;
				GCC_WARN_ABOUT_RETURN_TYPE = YES_ERROR;
				GCC_WARN_UNDECLARED_SELECTOR = YES;
				GCC_WARN_UNINITIALIZED_AUTOS = YES_AGGRESSIVE;
				GCC_WARN_UNUSED_FUNCTION = YES;
				GCC_WARN_UNUSED_VARIABLE = YES;
				INFOPLIST_FILE = SharedGameView/Info.plist;
				INSTALL_PATH = "$(LOCAL_LIBRARY_DIR)/Frameworks";
				IPHONEOS_DEPLOYMENT_TARGET = 14.5;
				LD_RUNPATH_SEARCH_PATHS = (
					"$(inherited)",
					"@executable_path/Frameworks",
					"@loader_path/Frameworks",
				);
				MTL_ENABLE_DEBUG_INFO = INCLUDE_SOURCE;
				MTL_FAST_MATH = YES;
				ONLY_ACTIVE_ARCH = YES;
				PRODUCT_BUNDLE_IDENTIFIER = hogehogehoge.SharedGameView;
				PRODUCT_NAME = "$(TARGET_NAME:c99extidentifier)";
				SDKROOT = iphoneos;
				SKIP_INSTALL = YES;
				SWIFT_ACTIVE_COMPILATION_CONDITIONS = DEBUG;
				SWIFT_OPTIMIZATION_LEVEL = "-Onone";
				SWIFT_VERSION = 5.0;
				TARGETED_DEVICE_FAMILY = "1,2";
				VERSIONING_SYSTEM = "apple-generic";
				VERSION_INFO_PREFIX = "";
			};
			name = Debug;
		};
		52F09DC826C8FCDB00B8B323 /* Release */ = {
			isa = XCBuildConfiguration;
			buildSettings = {
				ALWAYS_SEARCH_USER_PATHS = NO;
				CLANG_ANALYZER_NONNULL = YES;
				CLANG_ANALYZER_NUMBER_OBJECT_CONVERSION = YES_AGGRESSIVE;
				CLANG_CXX_LANGUAGE_STANDARD = "gnu++14";
				CLANG_CXX_LIBRARY = "libc++";
				CLANG_ENABLE_MODULES = YES;
				CLANG_ENABLE_OBJC_ARC = YES;
				CLANG_ENABLE_OBJC_WEAK = YES;
				CLANG_WARN_BLOCK_CAPTURE_AUTORELEASING = YES;
				CLANG_WARN_BOOL_CONVERSION = YES;
				CLANG_WARN_COMMA = YES;
				CLANG_WARN_CONSTANT_CONVERSION = YES;
				CLANG_WARN_DEPRECATED_OBJC_IMPLEMENTATIONS = YES;
				CLANG_WARN_DIRECT_OBJC_ISA_USAGE = YES_ERROR;
				CLANG_WARN_DOCUMENTATION_COMMENTS = YES;
				CLANG_WARN_EMPTY_BODY = YES;
				CLANG_WARN_ENUM_CONVERSION = YES;
				CLANG_WARN_INFINITE_RECURSION = YES;
				CLANG_WARN_INT_CONVERSION = YES;
				CLANG_WARN_NON_LITERAL_NULL_CONVERSION = YES;
				CLANG_WARN_OBJC_IMPLICIT_RETAIN_SELF = YES;
				CLANG_WARN_OBJC_LITERAL_CONVERSION = YES;
				CLANG_WARN_OBJC_ROOT_CLASS = YES_ERROR;
				CLANG_WARN_QUOTED_INCLUDE_IN_FRAMEWORK_HEADER = YES;
				CLANG_WARN_RANGE_LOOP_ANALYSIS = YES;
				CLANG_WARN_STRICT_PROTOTYPES = YES;
				CLANG_WARN_SUSPICIOUS_MOVE = YES;
				CLANG_WARN_UNGUARDED_AVAILABILITY = YES_AGGRESSIVE;
				CLANG_WARN_UNREACHABLE_CODE = YES;
				CLANG_WARN__DUPLICATE_METHOD_MATCH = YES;
				CODE_SIGN_STYLE = Automatic;
				COPY_PHASE_STRIP = NO;
				CURRENT_PROJECT_VERSION = 1;
				DEBUG_INFORMATION_FORMAT = "dwarf-with-dsym";
				DEFINES_MODULE = YES;
				DEVELOPMENT_TEAM = N8B2B6D2KS;
				DYLIB_COMPATIBILITY_VERSION = 1;
				DYLIB_CURRENT_VERSION = 1;
				DYLIB_INSTALL_NAME_BASE = "@rpath";
				ENABLE_NS_ASSERTIONS = NO;
				ENABLE_STRICT_OBJC_MSGSEND = YES;
				GCC_C_LANGUAGE_STANDARD = gnu11;
				GCC_NO_COMMON_BLOCKS = YES;
				GCC_WARN_64_TO_32_BIT_CONVERSION = YES;
				GCC_WARN_ABOUT_RETURN_TYPE = YES_ERROR;
				GCC_WARN_UNDECLARED_SELECTOR = YES;
				GCC_WARN_UNINITIALIZED_AUTOS = YES_AGGRESSIVE;
				GCC_WARN_UNUSED_FUNCTION = YES;
				GCC_WARN_UNUSED_VARIABLE = YES;
				INFOPLIST_FILE = SharedGameView/Info.plist;
				INSTALL_PATH = "$(LOCAL_LIBRARY_DIR)/Frameworks";
				IPHONEOS_DEPLOYMENT_TARGET = 14.5;
				LD_RUNPATH_SEARCH_PATHS = (
					"$(inherited)",
					"@executable_path/Frameworks",
					"@loader_path/Frameworks",
				);
				MTL_ENABLE_DEBUG_INFO = NO;
				MTL_FAST_MATH = YES;
				PRODUCT_BUNDLE_IDENTIFIER = hogehogehoge.SharedGameView;
				PRODUCT_NAME = "$(TARGET_NAME:c99extidentifier)";
				SDKROOT = iphoneos;
				SKIP_INSTALL = YES;
				SWIFT_COMPILATION_MODE = wholemodule;
				SWIFT_OPTIMIZATION_LEVEL = "-O";
				SWIFT_VERSION = 5.0;
				TARGETED_DEVICE_FAMILY = "1,2";
				VALIDATE_PRODUCT = YES;
				VERSIONING_SYSTEM = "apple-generic";
				VERSION_INFO_PREFIX = "";
			};
			name = Release;
		};
		52F0A8BE267E11C0009AF389 /* Debug */ = {
			isa = XCBuildConfiguration;
			buildSettings = {
				ALWAYS_SEARCH_USER_PATHS = NO;
				ASSETCATALOG_COMPILER_APPICON_NAME = AppIcon;
				ASSETCATALOG_COMPILER_GLOBAL_ACCENT_COLOR_NAME = AccentColor;
				CLANG_ANALYZER_NONNULL = YES;
				CLANG_ANALYZER_NUMBER_OBJECT_CONVERSION = YES_AGGRESSIVE;
				CLANG_CXX_LANGUAGE_STANDARD = "gnu++14";
				CLANG_CXX_LIBRARY = "libc++";
				CLANG_ENABLE_MODULES = YES;
				CLANG_ENABLE_OBJC_ARC = YES;
				CLANG_ENABLE_OBJC_WEAK = YES;
				CLANG_WARN_BLOCK_CAPTURE_AUTORELEASING = YES;
				CLANG_WARN_BOOL_CONVERSION = YES;
				CLANG_WARN_COMMA = YES;
				CLANG_WARN_CONSTANT_CONVERSION = YES;
				CLANG_WARN_DEPRECATED_OBJC_IMPLEMENTATIONS = YES;
				CLANG_WARN_DIRECT_OBJC_ISA_USAGE = YES_ERROR;
				CLANG_WARN_DOCUMENTATION_COMMENTS = YES;
				CLANG_WARN_EMPTY_BODY = YES;
				CLANG_WARN_ENUM_CONVERSION = YES;
				CLANG_WARN_INFINITE_RECURSION = YES;
				CLANG_WARN_INT_CONVERSION = YES;
				CLANG_WARN_NON_LITERAL_NULL_CONVERSION = YES;
				CLANG_WARN_OBJC_IMPLICIT_RETAIN_SELF = YES;
				CLANG_WARN_OBJC_LITERAL_CONVERSION = YES;
				CLANG_WARN_OBJC_ROOT_CLASS = YES_ERROR;
				CLANG_WARN_QUOTED_INCLUDE_IN_FRAMEWORK_HEADER = YES;
				CLANG_WARN_RANGE_LOOP_ANALYSIS = YES;
				CLANG_WARN_STRICT_PROTOTYPES = YES;
				CLANG_WARN_SUSPICIOUS_MOVE = YES;
				CLANG_WARN_UNGUARDED_AVAILABILITY = YES_AGGRESSIVE;
				CLANG_WARN_UNREACHABLE_CODE = YES;
				CLANG_WARN__DUPLICATE_METHOD_MATCH = YES;
				CODE_SIGN_STYLE = Automatic;
				COPY_PHASE_STRIP = NO;
				DEBUG_INFORMATION_FORMAT = dwarf;
				DEVELOPMENT_ASSET_PATHS = "\"WavExample/Preview Content\"";
				DEVELOPMENT_TEAM = N8B2B6D2KS;
				ENABLE_PREVIEWS = YES;
				ENABLE_STRICT_OBJC_MSGSEND = YES;
				ENABLE_TESTABILITY = YES;
				GCC_C_LANGUAGE_STANDARD = gnu11;
				GCC_DYNAMIC_NO_PIC = NO;
				GCC_NO_COMMON_BLOCKS = YES;
				GCC_OPTIMIZATION_LEVEL = 0;
				GCC_PREPROCESSOR_DEFINITIONS = (
					"DEBUG=1",
					"$(inherited)",
				);
				GCC_WARN_64_TO_32_BIT_CONVERSION = YES;
				GCC_WARN_ABOUT_RETURN_TYPE = YES_ERROR;
				GCC_WARN_UNDECLARED_SELECTOR = YES;
				GCC_WARN_UNINITIALIZED_AUTOS = YES_AGGRESSIVE;
				GCC_WARN_UNUSED_FUNCTION = YES;
				GCC_WARN_UNUSED_VARIABLE = YES;
				INFOPLIST_FILE = WavExample/Info.plist;
				IPHONEOS_DEPLOYMENT_TARGET = 14.5;
				LD_RUNPATH_SEARCH_PATHS = (
					"$(inherited)",
					"@executable_path/Frameworks",
				);
				MTL_ENABLE_DEBUG_INFO = INCLUDE_SOURCE;
				MTL_FAST_MATH = YES;
				ONLY_ACTIVE_ARCH = YES;
				PRODUCT_BUNDLE_IDENTIFIER = factory.fuziki.example2;
				PRODUCT_NAME = "$(TARGET_NAME)";
				SDKROOT = iphoneos;
				SWIFT_ACTIVE_COMPILATION_CONDITIONS = DEBUG;
				SWIFT_OPTIMIZATION_LEVEL = "-Onone";
				SWIFT_VERSION = 5.0;
				TARGETED_DEVICE_FAMILY = "1,2";
			};
			name = Debug;
		};
		52F0A8BF267E11C0009AF389 /* Release */ = {
			isa = XCBuildConfiguration;
			buildSettings = {
				ALWAYS_SEARCH_USER_PATHS = NO;
				ASSETCATALOG_COMPILER_APPICON_NAME = AppIcon;
				ASSETCATALOG_COMPILER_GLOBAL_ACCENT_COLOR_NAME = AccentColor;
				CLANG_ANALYZER_NONNULL = YES;
				CLANG_ANALYZER_NUMBER_OBJECT_CONVERSION = YES_AGGRESSIVE;
				CLANG_CXX_LANGUAGE_STANDARD = "gnu++14";
				CLANG_CXX_LIBRARY = "libc++";
				CLANG_ENABLE_MODULES = YES;
				CLANG_ENABLE_OBJC_ARC = YES;
				CLANG_ENABLE_OBJC_WEAK = YES;
				CLANG_WARN_BLOCK_CAPTURE_AUTORELEASING = YES;
				CLANG_WARN_BOOL_CONVERSION = YES;
				CLANG_WARN_COMMA = YES;
				CLANG_WARN_CONSTANT_CONVERSION = YES;
				CLANG_WARN_DEPRECATED_OBJC_IMPLEMENTATIONS = YES;
				CLANG_WARN_DIRECT_OBJC_ISA_USAGE = YES_ERROR;
				CLANG_WARN_DOCUMENTATION_COMMENTS = YES;
				CLANG_WARN_EMPTY_BODY = YES;
				CLANG_WARN_ENUM_CONVERSION = YES;
				CLANG_WARN_INFINITE_RECURSION = YES;
				CLANG_WARN_INT_CONVERSION = YES;
				CLANG_WARN_NON_LITERAL_NULL_CONVERSION = YES;
				CLANG_WARN_OBJC_IMPLICIT_RETAIN_SELF = YES;
				CLANG_WARN_OBJC_LITERAL_CONVERSION = YES;
				CLANG_WARN_OBJC_ROOT_CLASS = YES_ERROR;
				CLANG_WARN_QUOTED_INCLUDE_IN_FRAMEWORK_HEADER = YES;
				CLANG_WARN_RANGE_LOOP_ANALYSIS = YES;
				CLANG_WARN_STRICT_PROTOTYPES = YES;
				CLANG_WARN_SUSPICIOUS_MOVE = YES;
				CLANG_WARN_UNGUARDED_AVAILABILITY = YES_AGGRESSIVE;
				CLANG_WARN_UNREACHABLE_CODE = YES;
				CLANG_WARN__DUPLICATE_METHOD_MATCH = YES;
				CODE_SIGN_STYLE = Automatic;
				COPY_PHASE_STRIP = NO;
				DEBUG_INFORMATION_FORMAT = "dwarf-with-dsym";
				DEVELOPMENT_ASSET_PATHS = "\"WavExample/Preview Content\"";
				DEVELOPMENT_TEAM = N8B2B6D2KS;
				ENABLE_NS_ASSERTIONS = NO;
				ENABLE_PREVIEWS = YES;
				ENABLE_STRICT_OBJC_MSGSEND = YES;
				GCC_C_LANGUAGE_STANDARD = gnu11;
				GCC_NO_COMMON_BLOCKS = YES;
				GCC_WARN_64_TO_32_BIT_CONVERSION = YES;
				GCC_WARN_ABOUT_RETURN_TYPE = YES_ERROR;
				GCC_WARN_UNDECLARED_SELECTOR = YES;
				GCC_WARN_UNINITIALIZED_AUTOS = YES_AGGRESSIVE;
				GCC_WARN_UNUSED_FUNCTION = YES;
				GCC_WARN_UNUSED_VARIABLE = YES;
				INFOPLIST_FILE = WavExample/Info.plist;
				IPHONEOS_DEPLOYMENT_TARGET = 14.5;
				LD_RUNPATH_SEARCH_PATHS = (
					"$(inherited)",
					"@executable_path/Frameworks",
				);
				MTL_ENABLE_DEBUG_INFO = NO;
				MTL_FAST_MATH = YES;
				PRODUCT_BUNDLE_IDENTIFIER = factory.fuziki.example2;
				PRODUCT_NAME = "$(TARGET_NAME)";
				SDKROOT = iphoneos;
				SWIFT_COMPILATION_MODE = wholemodule;
				SWIFT_OPTIMIZATION_LEVEL = "-O";
				SWIFT_VERSION = 5.0;
				TARGETED_DEVICE_FAMILY = "1,2";
				VALIDATE_PRODUCT = YES;
			};
			name = Release;
		};
		52F0A8DD267E4E2A009AF389 /* Debug */ = {
			isa = XCBuildConfiguration;
			buildSettings = {
				ALWAYS_SEARCH_USER_PATHS = NO;
				ASSETCATALOG_COMPILER_APPICON_NAME = AppIcon;
				ASSETCATALOG_COMPILER_GLOBAL_ACCENT_COLOR_NAME = AccentColor;
				CLANG_ANALYZER_NONNULL = YES;
				CLANG_ANALYZER_NUMBER_OBJECT_CONVERSION = YES_AGGRESSIVE;
				CLANG_CXX_LANGUAGE_STANDARD = "gnu++14";
				CLANG_CXX_LIBRARY = "libc++";
				CLANG_ENABLE_MODULES = YES;
				CLANG_ENABLE_OBJC_ARC = YES;
				CLANG_ENABLE_OBJC_WEAK = YES;
				CLANG_WARN_BLOCK_CAPTURE_AUTORELEASING = YES;
				CLANG_WARN_BOOL_CONVERSION = YES;
				CLANG_WARN_COMMA = YES;
				CLANG_WARN_CONSTANT_CONVERSION = YES;
				CLANG_WARN_DEPRECATED_OBJC_IMPLEMENTATIONS = YES;
				CLANG_WARN_DIRECT_OBJC_ISA_USAGE = YES_ERROR;
				CLANG_WARN_DOCUMENTATION_COMMENTS = YES;
				CLANG_WARN_EMPTY_BODY = YES;
				CLANG_WARN_ENUM_CONVERSION = YES;
				CLANG_WARN_INFINITE_RECURSION = YES;
				CLANG_WARN_INT_CONVERSION = YES;
				CLANG_WARN_NON_LITERAL_NULL_CONVERSION = YES;
				CLANG_WARN_OBJC_IMPLICIT_RETAIN_SELF = YES;
				CLANG_WARN_OBJC_LITERAL_CONVERSION = YES;
				CLANG_WARN_OBJC_ROOT_CLASS = YES_ERROR;
				CLANG_WARN_QUOTED_INCLUDE_IN_FRAMEWORK_HEADER = YES;
				CLANG_WARN_RANGE_LOOP_ANALYSIS = YES;
				CLANG_WARN_STRICT_PROTOTYPES = YES;
				CLANG_WARN_SUSPICIOUS_MOVE = YES;
				CLANG_WARN_UNGUARDED_AVAILABILITY = YES_AGGRESSIVE;
				CLANG_WARN_UNREACHABLE_CODE = YES;
				CLANG_WARN__DUPLICATE_METHOD_MATCH = YES;
				CODE_SIGN_STYLE = Automatic;
				COPY_PHASE_STRIP = NO;
				DEBUG_INFORMATION_FORMAT = dwarf;
				DEVELOPMENT_TEAM = N8B2B6D2KS;
				ENABLE_STRICT_OBJC_MSGSEND = YES;
				ENABLE_TESTABILITY = YES;
				GCC_C_LANGUAGE_STANDARD = gnu11;
				GCC_DYNAMIC_NO_PIC = NO;
				GCC_NO_COMMON_BLOCKS = YES;
				GCC_OPTIMIZATION_LEVEL = 0;
				GCC_PREPROCESSOR_DEFINITIONS = (
					"DEBUG=1",
					"$(inherited)",
				);
				GCC_WARN_64_TO_32_BIT_CONVERSION = YES;
				GCC_WARN_ABOUT_RETURN_TYPE = YES_ERROR;
				GCC_WARN_UNDECLARED_SELECTOR = YES;
				GCC_WARN_UNINITIALIZED_AUTOS = YES_AGGRESSIVE;
				GCC_WARN_UNUSED_FUNCTION = YES;
				GCC_WARN_UNUSED_VARIABLE = YES;
				INFOPLIST_FILE = MovExample/Info.plist;
				IPHONEOS_DEPLOYMENT_TARGET = 13.4;
				LD_RUNPATH_SEARCH_PATHS = (
					"$(inherited)",
					"@executable_path/Frameworks",
				);
				MTL_ENABLE_DEBUG_INFO = INCLUDE_SOURCE;
				MTL_FAST_MATH = YES;
				ONLY_ACTIVE_ARCH = YES;
				PRODUCT_BUNDLE_IDENTIFIER = factory.fuziki.example2;
				PRODUCT_NAME = "$(TARGET_NAME)";
				SDKROOT = iphoneos;
				SWIFT_ACTIVE_COMPILATION_CONDITIONS = DEBUG;
				SWIFT_OBJC_BRIDGING_HEADER = "$(TARGET_NAME)/ShaderTypes.h";
				SWIFT_OPTIMIZATION_LEVEL = "-Onone";
				SWIFT_VERSION = 5.0;
				TARGETED_DEVICE_FAMILY = "1,2";
			};
			name = Debug;
		};
		52F0A8DE267E4E2A009AF389 /* Release */ = {
			isa = XCBuildConfiguration;
			buildSettings = {
				ALWAYS_SEARCH_USER_PATHS = NO;
				ASSETCATALOG_COMPILER_APPICON_NAME = AppIcon;
				ASSETCATALOG_COMPILER_GLOBAL_ACCENT_COLOR_NAME = AccentColor;
				CLANG_ANALYZER_NONNULL = YES;
				CLANG_ANALYZER_NUMBER_OBJECT_CONVERSION = YES_AGGRESSIVE;
				CLANG_CXX_LANGUAGE_STANDARD = "gnu++14";
				CLANG_CXX_LIBRARY = "libc++";
				CLANG_ENABLE_MODULES = YES;
				CLANG_ENABLE_OBJC_ARC = YES;
				CLANG_ENABLE_OBJC_WEAK = YES;
				CLANG_WARN_BLOCK_CAPTURE_AUTORELEASING = YES;
				CLANG_WARN_BOOL_CONVERSION = YES;
				CLANG_WARN_COMMA = YES;
				CLANG_WARN_CONSTANT_CONVERSION = YES;
				CLANG_WARN_DEPRECATED_OBJC_IMPLEMENTATIONS = YES;
				CLANG_WARN_DIRECT_OBJC_ISA_USAGE = YES_ERROR;
				CLANG_WARN_DOCUMENTATION_COMMENTS = YES;
				CLANG_WARN_EMPTY_BODY = YES;
				CLANG_WARN_ENUM_CONVERSION = YES;
				CLANG_WARN_INFINITE_RECURSION = YES;
				CLANG_WARN_INT_CONVERSION = YES;
				CLANG_WARN_NON_LITERAL_NULL_CONVERSION = YES;
				CLANG_WARN_OBJC_IMPLICIT_RETAIN_SELF = YES;
				CLANG_WARN_OBJC_LITERAL_CONVERSION = YES;
				CLANG_WARN_OBJC_ROOT_CLASS = YES_ERROR;
				CLANG_WARN_QUOTED_INCLUDE_IN_FRAMEWORK_HEADER = YES;
				CLANG_WARN_RANGE_LOOP_ANALYSIS = YES;
				CLANG_WARN_STRICT_PROTOTYPES = YES;
				CLANG_WARN_SUSPICIOUS_MOVE = YES;
				CLANG_WARN_UNGUARDED_AVAILABILITY = YES_AGGRESSIVE;
				CLANG_WARN_UNREACHABLE_CODE = YES;
				CLANG_WARN__DUPLICATE_METHOD_MATCH = YES;
				CODE_SIGN_STYLE = Automatic;
				COPY_PHASE_STRIP = NO;
				DEBUG_INFORMATION_FORMAT = "dwarf-with-dsym";
				DEVELOPMENT_TEAM = N8B2B6D2KS;
				ENABLE_NS_ASSERTIONS = NO;
				ENABLE_STRICT_OBJC_MSGSEND = YES;
				GCC_C_LANGUAGE_STANDARD = gnu11;
				GCC_NO_COMMON_BLOCKS = YES;
				GCC_WARN_64_TO_32_BIT_CONVERSION = YES;
				GCC_WARN_ABOUT_RETURN_TYPE = YES_ERROR;
				GCC_WARN_UNDECLARED_SELECTOR = YES;
				GCC_WARN_UNINITIALIZED_AUTOS = YES_AGGRESSIVE;
				GCC_WARN_UNUSED_FUNCTION = YES;
				GCC_WARN_UNUSED_VARIABLE = YES;
				INFOPLIST_FILE = MovExample/Info.plist;
				IPHONEOS_DEPLOYMENT_TARGET = 13.4;
				LD_RUNPATH_SEARCH_PATHS = (
					"$(inherited)",
					"@executable_path/Frameworks",
				);
				MTL_ENABLE_DEBUG_INFO = NO;
				MTL_FAST_MATH = YES;
				PRODUCT_BUNDLE_IDENTIFIER = factory.fuziki.example2;
				PRODUCT_NAME = "$(TARGET_NAME)";
				SDKROOT = iphoneos;
				SWIFT_COMPILATION_MODE = wholemodule;
				SWIFT_OBJC_BRIDGING_HEADER = "$(TARGET_NAME)/ShaderTypes.h";
				SWIFT_OPTIMIZATION_LEVEL = "-O";
				SWIFT_VERSION = 5.0;
				TARGETED_DEVICE_FAMILY = "1,2";
				VALIDATE_PRODUCT = YES;
			};
			name = Release;
		};
/* End XCBuildConfiguration section */

/* Begin XCConfigurationList section */
		52BD83372662162D0017506E /* Build configuration list for PBXProject "NativeExamples" */ = {
			isa = XCConfigurationList;
			buildConfigurations = (
				52BD83382662162D0017506E /* Debug */,
				52BD83392662162D0017506E /* Release */,
			);
			defaultConfigurationIsVisible = 0;
			defaultConfigurationName = Release;
		};
		52F09D3126C4BDA200B8B323 /* Build configuration list for PBXNativeTarget "HlsExample" */ = {
			isa = XCConfigurationList;
			buildConfigurations = (
				52F09D2F26C4BDA200B8B323 /* Debug */,
				52F09D3026C4BDA200B8B323 /* Release */,
			);
			defaultConfigurationIsVisible = 0;
			defaultConfigurationName = Release;
		};
		52F09DB726C8F9DC00B8B323 /* Build configuration list for PBXNativeTarget "LivePhotosExample" */ = {
			isa = XCConfigurationList;
			buildConfigurations = (
				52F09DB526C8F9DC00B8B323 /* Debug */,
				52F09DB626C8F9DC00B8B323 /* Release */,
			);
			defaultConfigurationIsVisible = 0;
			defaultConfigurationName = Release;
		};
		52F09DC626C8FCDB00B8B323 /* Build configuration list for PBXNativeTarget "SharedGameView" */ = {
			isa = XCConfigurationList;
			buildConfigurations = (
				52F09DC726C8FCDB00B8B323 /* Debug */,
				52F09DC826C8FCDB00B8B323 /* Release */,
			);
			defaultConfigurationIsVisible = 0;
			defaultConfigurationName = Release;
		};
		52F0A8C0267E11C0009AF389 /* Build configuration list for PBXNativeTarget "WavExample" */ = {
			isa = XCConfigurationList;
			buildConfigurations = (
				52F0A8BE267E11C0009AF389 /* Debug */,
				52F0A8BF267E11C0009AF389 /* Release */,
			);
			defaultConfigurationIsVisible = 0;
			defaultConfigurationName = Release;
		};
		52F0A8DC267E4E2A009AF389 /* Build configuration list for PBXNativeTarget "MovExample" */ = {
			isa = XCConfigurationList;
			buildConfigurations = (
				52F0A8DD267E4E2A009AF389 /* Debug */,
				52F0A8DE267E4E2A009AF389 /* Release */,
			);
			defaultConfigurationIsVisible = 0;
			defaultConfigurationName = Release;
		};
/* End XCConfigurationList section */

/* Begin XCRemoteSwiftPackageReference section */
		52F09D3326C4BE1800B8B323 /* XCRemoteSwiftPackageReference "swifter" */ = {
			isa = XCRemoteSwiftPackageReference;
			repositoryURL = "https://github.com/httpswift/swifter";
			requirement = {
				kind = upToNextMajorVersion;
				minimumVersion = 1.5.0;
			};
		};
/* End XCRemoteSwiftPackageReference section */

/* Begin XCSwiftPackageProductDependency section */
		52F09D3426C4BE1800B8B323 /* Swifter */ = {
			isa = XCSwiftPackageProductDependency;
			package = 52F09D3326C4BE1800B8B323 /* XCRemoteSwiftPackageReference "swifter" */;
			productName = Swifter;
		};
		52F09D3626C4BE3900B8B323 /* UnityVideoCreator */ = {
			isa = XCSwiftPackageProductDependency;
			productName = UnityVideoCreator;
		};
		52F09DCF26C8FCEE00B8B323 /* UnityVideoCreator */ = {
			isa = XCSwiftPackageProductDependency;
			productName = UnityVideoCreator;
		};
		52F0A8C1267E11F3009AF389 /* UnityVideoCreator */ = {
			isa = XCSwiftPackageProductDependency;
			productName = UnityVideoCreator;
		};
		52F0A8DF267E5A8A009AF389 /* UnityVideoCreator */ = {
			isa = XCSwiftPackageProductDependency;
			productName = UnityVideoCreator;
		};
/* End XCSwiftPackageProductDependency section */
	};
	rootObject = 52BD83342662162D0017506E /* Project object */;
}
